
Microsoft Visual Studio Solution File, Format Version 12.00
# Visual Studio Version 17
VisualStudioVersion = 17.0.31903.59
MinimumVisualStudioVersion = 10.0.40219.1
Project("{2150E333-8FDC-42A3-9474-1A3956D46DE8}") = "src", "src", "{C8932EE5-C935-40CF-A82D-1942C7308BDB}"
EndProject
Project("{FAE04EC0-301F-11D3-BF4B-00C04F79EFBC}") = "InputDisplay", "src\InputDisplay\InputDisplay.csproj", "{CC0C2D9B-86DE-4890-BC06-E071ED291145}"
EndProject
Global
	GlobalSection(SolutionConfigurationPlatforms) = preSolution
		Debug|Any CPU = Debug|Any CPU
		Release|Any CPU = Release|Any CPU
	EndGlobalSection
	GlobalSection(SolutionProperties) = preSolution
		HideSolutionNode = FALSE
	EndGlobalSection
	GlobalSection(ProjectConfigurationPlatforms) = postSolution
		{CC0C2D9B-86DE-4890-BC06-E071ED291145}.Debug|Any CPU.ActiveCfg = Debug|Any CPU
		{CC0C2D9B-86DE-4890-BC06-E071ED291145}.Debug|Any CPU.Build.0 = Debug|Any CPU
		{CC0C2D9B-86DE-4890-BC06-E071ED291145}.Release|Any CPU.ActiveCfg = Release|Any CPU
		{CC0C2D9B-86DE-4890-BC06-E071ED291145}.Release|Any CPU.Build.0 = Release|Any CPU
	EndGlobalSection
	GlobalSection(NestedProjects) = preSolution
		{CC0C2D9B-86DE-4890-BC06-E071ED291145} = {C8932EE5-C935-40CF-A82D-1942C7308BDB}
	EndGlobalSection
EndGlobal
